
Microsoft Visual Studio Solution File, Format Version 12.00
# Visual Studio Version 16
VisualStudioVersion = 16.0.29519.87
MinimumVisualStudioVersion = 10.0.40219.1
Project("{FAE04EC0-301F-11D3-BF4B-00C04F79EFBC}") = "Testesercizi", "Testesercizi\Testesercizi.csproj", "{E66DCF73-DC54-4C27-AF37-4A8E30792A77}"
EndProject
Project("{FAE04EC0-301F-11D3-BF4B-00C04F79EFBC}") = "Esercizi", "Esercizi\Esercizi.csproj", "{BF048CAA-5965-4577-801F-7E22C2981DD0}"
EndProject
Global
	GlobalSection(SolutionConfigurationPlatforms) = preSolution
		Debug|Any CPU = Debug|Any CPU
		Release|Any CPU = Release|Any CPU
	EndGlobalSection
	GlobalSection(ProjectConfigurationPlatforms) = postSolution
		{E66DCF73-DC54-4C27-AF37-4A8E30792A77}.Debug|Any CPU.ActiveCfg = Debug|Any CPU
		{E66DCF73-DC54-4C27-AF37-4A8E30792A77}.Debug|Any CPU.Build.0 = Debug|Any CPU
		{E66DCF73-DC54-4C27-AF37-4A8E30792A77}.Release|Any CPU.ActiveCfg = Release|Any CPU
		{E66DCF73-DC54-4C27-AF37-4A8E30792A77}.Release|Any CPU.Build.0 = Release|Any CPU
		{BF048CAA-5965-4577-801F-7E22C2981DD0}.Debug|Any CPU.ActiveCfg = Debug|Any CPU
		{BF048CAA-5965-4577-801F-7E22C2981DD0}.Debug|Any CPU.Build.0 = Debug|Any CPU
		{BF048CAA-5965-4577-801F-7E22C2981DD0}.Release|Any CPU.ActiveCfg = Release|Any CPU
		{BF048CAA-5965-4577-801F-7E22C2981DD0}.Release|Any CPU.Build.0 = Release|Any CPU
	EndGlobalSection
	GlobalSection(SolutionProperties) = preSolution
		HideSolutionNode = FALSE
	EndGlobalSection
	GlobalSection(ExtensibilityGlobals) = postSolution
		SolutionGuid = {0BA77780-A086-4DB8-90DE-A8B3B779C608}
	EndGlobalSection
EndGlobal
